
Microsoft Visual Studio Solution File, Format Version 12.00
# Visual Studio Version 17
VisualStudioVersion = 17.7.34024.191
MinimumVisualStudioVersion = 10.0.40219.1
Project("{9A19103F-16F7-4668-BE54-9A1E7A4F7556}") = "TranslateCSV", "TranslateCSV\TranslateCSV.csproj", "{62F435F0-F71B-4B73-87BE-E35A7A30669A}"
EndProject
Project("{9A19103F-16F7-4668-BE54-9A1E7A4F7556}") = "TranslateCSVTests", "TranslateCSVTests\TranslateCSVTests.csproj", "{966E214E-2B43-430B-8792-36FA278AC15D}"
EndProject
Project("{2150E333-8FDC-42A3-9474-1A3956D46DE8}") = "Solution Items", "Solution Items", "{FE36C00E-F2AE-4E63-B036-88338E8AA873}"
	ProjectSection(SolutionItems) = preProject
		LICENSE = LICENSE
		ReadMe.md = ReadMe.md
	EndProjectSection
EndProject
Global
	GlobalSection(SolutionConfigurationPlatforms) = preSolution
		Debug|Any CPU = Debug|Any CPU
	EndGlobalSection
	GlobalSection(ProjectConfigurationPlatforms) = postSolution
		{62F435F0-F71B-4B73-87BE-E35A7A30669A}.Debug|Any CPU.ActiveCfg = Debug|Any CPU
		{62F435F0-F71B-4B73-87BE-E35A7A30669A}.Debug|Any CPU.Build.0 = Debug|Any CPU
		{966E214E-2B43-430B-8792-36FA278AC15D}.Debug|Any CPU.ActiveCfg = Debug|Any CPU
		{966E214E-2B43-430B-8792-36FA278AC15D}.Debug|Any CPU.Build.0 = Debug|Any CPU
	EndGlobalSection
	GlobalSection(SolutionProperties) = preSolution
		HideSolutionNode = FALSE
	EndGlobalSection
	GlobalSection(ExtensibilityGlobals) = postSolution
		SolutionGuid = {0F3E72B2-929A-4365-80CD-8FBA503E22F6}
	EndGlobalSection
EndGlobal
